{
  "object": {
    "pins": [
      {
        "package": "TabBar-SwiftUI",
        "repositoryURL": "https://github.com/ling-zhan/TabBar-SwiftUI",
        "state": {
          "branch": "master",
          "revision": "0aad2ca94117127f6594b720ae27a5a1cb561384",
          "version": null
        }
      }
    ]
  },
  "version": 1
}
